
Microsoft Visual Studio Solution File, Format Version 12.00
# Visual Studio Version 16
VisualStudioVersion = 16.0.29102.190
MinimumVisualStudioVersion = 10.0.40219.1
Project("{9A19103F-16F7-4668-BE54-9A1E7A4F7556}") = "classProject_JUL22", "classProject_JUL22.csproj", "{84BE782D-94ED-43E5-B09B-C32484F00BA9}"
EndProject
Global
	GlobalSection(SolutionConfigurationPlatforms) = preSolution
		Debug|Any CPU = Debug|Any CPU
		Release|Any CPU = Release|Any CPU
	EndGlobalSection
	GlobalSection(ProjectConfigurationPlatforms) = postSolution
		{84BE782D-94ED-43E5-B09B-C32484F00BA9}.Debug|Any CPU.ActiveCfg = Debug|Any CPU
		{84BE782D-94ED-43E5-B09B-C32484F00BA9}.Debug|Any CPU.Build.0 = Debug|Any CPU
		{84BE782D-94ED-43E5-B09B-C32484F00BA9}.Release|Any CPU.ActiveCfg = Release|Any CPU
		{84BE782D-94ED-43E5-B09B-C32484F00BA9}.Release|Any CPU.Build.0 = Release|Any CPU
	EndGlobalSection
	GlobalSection(SolutionProperties) = preSolution
		HideSolutionNode = FALSE
	EndGlobalSection
	GlobalSection(ExtensibilityGlobals) = postSolution
		SolutionGuid = {0B961AD4-5179-4272-8349-E6CDC20C08C5}
	EndGlobalSection
EndGlobal
